
Microsoft Visual Studio Solution File, Format Version 12.00
# Visual Studio Version 17
VisualStudioVersion = 17.5.33627.172
MinimumVisualStudioVersion = 10.0.40219.1
Project("{FAE04EC0-301F-11D3-BF4B-00C04F79EFBC}") = "OccurancesWithIndexOfSubstringInString", "PresentOfSubstring\OccurancesWithIndexOfSubstringInString.csproj", "{76706C2D-0182-4140-ACCE-7A56C0F1EF9B}"
EndProject
Global
	GlobalSection(SolutionConfigurationPlatforms) = preSolution
		Debug|Any CPU = Debug|Any CPU
		Release|Any CPU = Release|Any CPU
	EndGlobalSection
	GlobalSection(ProjectConfigurationPlatforms) = postSolution
		{76706C2D-0182-4140-ACCE-7A56C0F1EF9B}.Debug|Any CPU.ActiveCfg = Debug|Any CPU
		{76706C2D-0182-4140-ACCE-7A56C0F1EF9B}.Debug|Any CPU.Build.0 = Debug|Any CPU
		{76706C2D-0182-4140-ACCE-7A56C0F1EF9B}.Release|Any CPU.ActiveCfg = Release|Any CPU
		{76706C2D-0182-4140-ACCE-7A56C0F1EF9B}.Release|Any CPU.Build.0 = Release|Any CPU
	EndGlobalSection
	GlobalSection(SolutionProperties) = preSolution
		HideSolutionNode = FALSE
	EndGlobalSection
	GlobalSection(ExtensibilityGlobals) = postSolution
		SolutionGuid = {951D720B-70D5-4F21-9773-A2DF335F2837}
	EndGlobalSection
EndGlobal
